
Microsoft Visual Studio Solution File, Format Version 12.00
# Visual Studio Version 16
VisualStudioVersion = 16.0.28803.202
MinimumVisualStudioVersion = 10.0.40219.1
Project("{FAE04EC0-301F-11D3-BF4B-00C04F79EFBC}") = "sql orek ders 12", "sql orek ders 12\sql orek ders 12.csproj", "{D38F72CD-F826-4A80-A625-ECD436CAD694}"
EndProject
Global
	GlobalSection(SolutionConfigurationPlatforms) = preSolution
		Debug|Any CPU = Debug|Any CPU
		Release|Any CPU = Release|Any CPU
	EndGlobalSection
	GlobalSection(ProjectConfigurationPlatforms) = postSolution
		{D38F72CD-F826-4A80-A625-ECD436CAD694}.Debug|Any CPU.ActiveCfg = Debug|Any CPU
		{D38F72CD-F826-4A80-A625-ECD436CAD694}.Debug|Any CPU.Build.0 = Debug|Any CPU
		{D38F72CD-F826-4A80-A625-ECD436CAD694}.Release|Any CPU.ActiveCfg = Release|Any CPU
		{D38F72CD-F826-4A80-A625-ECD436CAD694}.Release|Any CPU.Build.0 = Release|Any CPU
	EndGlobalSection
	GlobalSection(SolutionProperties) = preSolution
		HideSolutionNode = FALSE
	EndGlobalSection
	GlobalSection(ExtensibilityGlobals) = postSolution
		SolutionGuid = {9DF84501-80A1-4F90-8BB7-315BEB04CC8B}
	EndGlobalSection
EndGlobal
